
Microsoft Visual Studio Solution File, Format Version 12.00
# Visual Studio Version 17
VisualStudioVersion = 17.9.34728.123
MinimumVisualStudioVersion = 10.0.40219.1
Project("{888888A0-9F3D-457C-B088-3A5042F75D52}") = "DateTimeCheckerAppPython", "DateTimeCheckerAppPython.pyproj", "{7A317A67-9F9A-47EF-8A6B-DE50912BFBA1}"
EndProject
Project("{888888A0-9F3D-457C-B088-3A5042F75D52}") = "DateTimeCheckerAppPython.UnitTests", "..\DateTimeCheckerAppPython.UnitTests\DateTimeCheckerAppPython.UnitTests.pyproj", "{180669A2-544E-43EA-A80B-67B295AD9777}"
EndProject
Global
	GlobalSection(SolutionConfigurationPlatforms) = preSolution
		Debug|Any CPU = Debug|Any CPU
		Release|Any CPU = Release|Any CPU
	EndGlobalSection
	GlobalSection(ProjectConfigurationPlatforms) = postSolution
		{7A317A67-9F9A-47EF-8A6B-DE50912BFBA1}.Debug|Any CPU.ActiveCfg = Debug|Any CPU
		{7A317A67-9F9A-47EF-8A6B-DE50912BFBA1}.Release|Any CPU.ActiveCfg = Release|Any CPU
		{180669A2-544E-43EA-A80B-67B295AD9777}.Debug|Any CPU.ActiveCfg = Debug|Any CPU
		{180669A2-544E-43EA-A80B-67B295AD9777}.Release|Any CPU.ActiveCfg = Release|Any CPU
	EndGlobalSection
	GlobalSection(SolutionProperties) = preSolution
		HideSolutionNode = FALSE
	EndGlobalSection
	GlobalSection(ExtensibilityGlobals) = postSolution
		SolutionGuid = {CF20E9A1-CBAF-4074-8E6B-9F7359531004}
	EndGlobalSection
EndGlobal
